
Microsoft Visual Studio Solution File, Format Version 12.00
# Visual Studio Version 16
VisualStudioVersion = 16.0.30011.22
MinimumVisualStudioVersion = 10.0.40219.1
Project("{9A19103F-16F7-4668-BE54-9A1E7A4F7556}") = "TestUpdaterAnalyzers", "src\TestUpdaterAnalyzers\TestUpdaterAnalyzers.csproj", "{51B8B2D7-8DE2-420B-99BE-0F754CB29C6D}"
EndProject
Project("{9A19103F-16F7-4668-BE54-9A1E7A4F7556}") = "TestUpdaterAnalyzers.Test", "src\TestUpdaterAnalyzers.Test\TestUpdaterAnalyzers.Test.csproj", "{E779450F-DAFF-4B44-BDFD-5A06A7712E61}"
EndProject
Project("{FAE04EC0-301F-11D3-BF4B-00C04F79EFBC}") = "TestUpdaterAnalyzers.Vsix", "src\TestUpdaterAnalyzers.Vsix\TestUpdaterAnalyzers.Vsix.csproj", "{3B7FC7D1-C50A-4636-AEED-10247B7FCF94}"
EndProject
Project("{9A19103F-16F7-4668-BE54-9A1E7A4F7556}") = "RhinoXUnitFixture", "sample\RhinoXUnitFixture\RhinoXUnitFixture.csproj", "{8BB6D0FB-E547-4F7C-AFC5-33A0D1E4AEB9}"
EndProject
Project("{9A19103F-16F7-4668-BE54-9A1E7A4F7556}") = "SampleBusinessLogic", "sample\SampleBusinessLogic\SampleBusinessLogic.csproj", "{429EE0DB-BC7C-4CC0-9F46-C227FCD8C1A2}"
EndProject
Project("{9A19103F-16F7-4668-BE54-9A1E7A4F7556}") = "NXunitConverterAnalyzer", "src\ConvertNxUnitAnalyzer\ConvertNxUnitAnalyzer\NXunitConverterAnalyzer.csproj", "{3E26F358-CA5D-42E8-9260-7D0AF86064A5}"
EndProject
Project("{9A19103F-16F7-4668-BE54-9A1E7A4F7556}") = "NXunitConverterAnalyzer.Test", "src\ConvertNxUnitAnalyzer\ConvertNxUnitAnalyzer.Test\NXunitConverterAnalyzer.Test.csproj", "{40CBCA89-8854-4FF9-90E3-0EF3DFEA77E4}"
EndProject
Project("{9A19103F-16F7-4668-BE54-9A1E7A4F7556}") = "ConvertNxUnitAnalyzer.Vsix", "src\ConvertNxUnitAnalyzer\ConvertNxUnitAnalyzer.Vsix\ConvertNxUnitAnalyzer.Vsix.csproj", "{4429126F-C65A-4D82-9DFC-697075BF9ADE}"
EndProject
Project("{2150E333-8FDC-42A3-9474-1A3956D46DE8}") = "RhinoToNSubstitute", "RhinoToNSubstitute", "{5433AF6F-797D-4BA1-88B0-57978032EBC2}"
EndProject
Project("{2150E333-8FDC-42A3-9474-1A3956D46DE8}") = "NUnitToXUnit", "NUnitToXUnit", "{C7F085AA-8939-4D95-B763-4F7A04C49259}"
EndProject
Project("{9A19103F-16F7-4668-BE54-9A1E7A4F7556}") = "NUnitToXUnitTests", "sample\NUnitToXUnitTests\NUnitToXUnitTests.csproj", "{439D518F-0882-46F6-BE05-F1C05D823A77}"
EndProject
Global
	GlobalSection(SolutionConfigurationPlatforms) = preSolution
		Debug|Any CPU = Debug|Any CPU
		Release|Any CPU = Release|Any CPU
	EndGlobalSection
	GlobalSection(ProjectConfigurationPlatforms) = postSolution
		{51B8B2D7-8DE2-420B-99BE-0F754CB29C6D}.Debug|Any CPU.ActiveCfg = Debug|Any CPU
		{51B8B2D7-8DE2-420B-99BE-0F754CB29C6D}.Debug|Any CPU.Build.0 = Debug|Any CPU
		{51B8B2D7-8DE2-420B-99BE-0F754CB29C6D}.Release|Any CPU.ActiveCfg = Release|Any CPU
		{51B8B2D7-8DE2-420B-99BE-0F754CB29C6D}.Release|Any CPU.Build.0 = Release|Any CPU
		{E779450F-DAFF-4B44-BDFD-5A06A7712E61}.Debug|Any CPU.ActiveCfg = Debug|Any CPU
		{E779450F-DAFF-4B44-BDFD-5A06A7712E61}.Debug|Any CPU.Build.0 = Debug|Any CPU
		{E779450F-DAFF-4B44-BDFD-5A06A7712E61}.Release|Any CPU.ActiveCfg = Release|Any CPU
		{E779450F-DAFF-4B44-BDFD-5A06A7712E61}.Release|Any CPU.Build.0 = Release|Any CPU
		{3B7FC7D1-C50A-4636-AEED-10247B7FCF94}.Debug|Any CPU.ActiveCfg = Debug|Any CPU
		{3B7FC7D1-C50A-4636-AEED-10247B7FCF94}.Debug|Any CPU.Build.0 = Debug|Any CPU
		{3B7FC7D1-C50A-4636-AEED-10247B7FCF94}.Release|Any CPU.ActiveCfg = Release|Any CPU
		{3B7FC7D1-C50A-4636-AEED-10247B7FCF94}.Release|Any CPU.Build.0 = Release|Any CPU
		{8BB6D0FB-E547-4F7C-AFC5-33A0D1E4AEB9}.Debug|Any CPU.ActiveCfg = Debug|Any CPU
		{8BB6D0FB-E547-4F7C-AFC5-33A0D1E4AEB9}.Debug|Any CPU.Build.0 = Debug|Any CPU
		{8BB6D0FB-E547-4F7C-AFC5-33A0D1E4AEB9}.Release|Any CPU.ActiveCfg = Release|Any CPU
		{8BB6D0FB-E547-4F7C-AFC5-33A0D1E4AEB9}.Release|Any CPU.Build.0 = Release|Any CPU
		{429EE0DB-BC7C-4CC0-9F46-C227FCD8C1A2}.Debug|Any CPU.ActiveCfg = Debug|Any CPU
		{429EE0DB-BC7C-4CC0-9F46-C227FCD8C1A2}.Debug|Any CPU.Build.0 = Debug|Any CPU
		{429EE0DB-BC7C-4CC0-9F46-C227FCD8C1A2}.Release|Any CPU.ActiveCfg = Release|Any CPU
		{429EE0DB-BC7C-4CC0-9F46-C227FCD8C1A2}.Release|Any CPU.Build.0 = Release|Any CPU
		{3E26F358-CA5D-42E8-9260-7D0AF86064A5}.Debug|Any CPU.ActiveCfg = Debug|Any CPU
		{3E26F358-CA5D-42E8-9260-7D0AF86064A5}.Debug|Any CPU.Build.0 = Debug|Any CPU
		{3E26F358-CA5D-42E8-9260-7D0AF86064A5}.Release|Any CPU.ActiveCfg = Release|Any CPU
		{3E26F358-CA5D-42E8-9260-7D0AF86064A5}.Release|Any CPU.Build.0 = Release|Any CPU
		{40CBCA89-8854-4FF9-90E3-0EF3DFEA77E4}.Debug|Any CPU.ActiveCfg = Debug|Any CPU
		{40CBCA89-8854-4FF9-90E3-0EF3DFEA77E4}.Debug|Any CPU.Build.0 = Debug|Any CPU
		{40CBCA89-8854-4FF9-90E3-0EF3DFEA77E4}.Release|Any CPU.ActiveCfg = Release|Any CPU
		{40CBCA89-8854-4FF9-90E3-0EF3DFEA77E4}.Release|Any CPU.Build.0 = Release|Any CPU
		{4429126F-C65A-4D82-9DFC-697075BF9ADE}.Debug|Any CPU.ActiveCfg = Debug|Any CPU
		{4429126F-C65A-4D82-9DFC-697075BF9ADE}.Debug|Any CPU.Build.0 = Debug|Any CPU
		{4429126F-C65A-4D82-9DFC-697075BF9ADE}.Release|Any CPU.ActiveCfg = Release|Any CPU
		{4429126F-C65A-4D82-9DFC-697075BF9ADE}.Release|Any CPU.Build.0 = Release|Any CPU
		{439D518F-0882-46F6-BE05-F1C05D823A77}.Debug|Any CPU.ActiveCfg = Debug|Any CPU
		{439D518F-0882-46F6-BE05-F1C05D823A77}.Debug|Any CPU.Build.0 = Debug|Any CPU
		{439D518F-0882-46F6-BE05-F1C05D823A77}.Release|Any CPU.ActiveCfg = Release|Any CPU
		{439D518F-0882-46F6-BE05-F1C05D823A77}.Release|Any CPU.Build.0 = Release|Any CPU
	EndGlobalSection
	GlobalSection(SolutionProperties) = preSolution
		HideSolutionNode = FALSE
	EndGlobalSection
	GlobalSection(NestedProjects) = preSolution
		{51B8B2D7-8DE2-420B-99BE-0F754CB29C6D} = {5433AF6F-797D-4BA1-88B0-57978032EBC2}
		{E779450F-DAFF-4B44-BDFD-5A06A7712E61} = {5433AF6F-797D-4BA1-88B0-57978032EBC2}
		{3B7FC7D1-C50A-4636-AEED-10247B7FCF94} = {5433AF6F-797D-4BA1-88B0-57978032EBC2}
		{8BB6D0FB-E547-4F7C-AFC5-33A0D1E4AEB9} = {5433AF6F-797D-4BA1-88B0-57978032EBC2}
		{3E26F358-CA5D-42E8-9260-7D0AF86064A5} = {C7F085AA-8939-4D95-B763-4F7A04C49259}
		{40CBCA89-8854-4FF9-90E3-0EF3DFEA77E4} = {C7F085AA-8939-4D95-B763-4F7A04C49259}
		{4429126F-C65A-4D82-9DFC-697075BF9ADE} = {C7F085AA-8939-4D95-B763-4F7A04C49259}
		{439D518F-0882-46F6-BE05-F1C05D823A77} = {C7F085AA-8939-4D95-B763-4F7A04C49259}
	EndGlobalSection
	GlobalSection(ExtensibilityGlobals) = postSolution
		SolutionGuid = {81790682-7AFE-47D1-949D-E7698EEF2D17}
	EndGlobalSection
EndGlobal
